
Microsoft Visual Studio Solution File, Format Version 12.00
# Visual Studio Version 16
VisualStudioVersion = 16.0.32228.343
MinimumVisualStudioVersion = 10.0.40219.1
Project("{FAE04EC0-301F-11D3-BF4B-00C04F79EFBC}") = "CaseManagement.API", "CaseManagement.API\CaseManagement.API.csproj", "{6B85791D-BF8E-4CF3-819A-20B41FABA0B4}"
EndProject
Project("{FAE04EC0-301F-11D3-BF4B-00C04F79EFBC}") = "CaseManagement.DAL", "CaseManagement.DAL\CaseManagement.DAL.csproj", "{D3723143-123F-4145-952B-4980E23FF60E}"
EndProject
Project("{FAE04EC0-301F-11D3-BF4B-00C04F79EFBC}") = "CaseManagement.Models", "CaseManagement.Models\CaseManagement.Models.csproj", "{2DAA69C1-850C-4AF9-AD47-D839C16013D7}"
EndProject
Project("{FAE04EC0-301F-11D3-BF4B-00C04F79EFBC}") = "CaseManagement.Repository", "CaseManagement.Repository\CaseManagement.Repository.csproj", "{8B466342-F68D-43C8-BE9D-D629A8B12F7A}"
EndProject
Project("{FAE04EC0-301F-11D3-BF4B-00C04F79EFBC}") = "CaseManagement.UtilityLibrary", "CaseManagement.UtilityLibrary\CaseManagement.UtilityLibrary.csproj", "{53ACCCEE-77F8-4995-94E8-83091425CAB8}"
EndProject
Global
	GlobalSection(SolutionConfigurationPlatforms) = preSolution
		Debug|Any CPU = Debug|Any CPU
		Release|Any CPU = Release|Any CPU
	EndGlobalSection
	GlobalSection(ProjectConfigurationPlatforms) = postSolution
		{6B85791D-BF8E-4CF3-819A-20B41FABA0B4}.Debug|Any CPU.ActiveCfg = Debug|Any CPU
		{6B85791D-BF8E-4CF3-819A-20B41FABA0B4}.Debug|Any CPU.Build.0 = Debug|Any CPU
		{6B85791D-BF8E-4CF3-819A-20B41FABA0B4}.Release|Any CPU.ActiveCfg = Release|Any CPU
		{6B85791D-BF8E-4CF3-819A-20B41FABA0B4}.Release|Any CPU.Build.0 = Release|Any CPU
		{D3723143-123F-4145-952B-4980E23FF60E}.Debug|Any CPU.ActiveCfg = Debug|Any CPU
		{D3723143-123F-4145-952B-4980E23FF60E}.Debug|Any CPU.Build.0 = Debug|Any CPU
		{D3723143-123F-4145-952B-4980E23FF60E}.Release|Any CPU.ActiveCfg = Release|Any CPU
		{D3723143-123F-4145-952B-4980E23FF60E}.Release|Any CPU.Build.0 = Release|Any CPU
		{2DAA69C1-850C-4AF9-AD47-D839C16013D7}.Debug|Any CPU.ActiveCfg = Debug|Any CPU
		{2DAA69C1-850C-4AF9-AD47-D839C16013D7}.Debug|Any CPU.Build.0 = Debug|Any CPU
		{2DAA69C1-850C-4AF9-AD47-D839C16013D7}.Release|Any CPU.ActiveCfg = Release|Any CPU
		{2DAA69C1-850C-4AF9-AD47-D839C16013D7}.Release|Any CPU.Build.0 = Release|Any CPU
		{8B466342-F68D-43C8-BE9D-D629A8B12F7A}.Debug|Any CPU.ActiveCfg = Debug|Any CPU
		{8B466342-F68D-43C8-BE9D-D629A8B12F7A}.Debug|Any CPU.Build.0 = Debug|Any CPU
		{8B466342-F68D-43C8-BE9D-D629A8B12F7A}.Release|Any CPU.ActiveCfg = Release|Any CPU
		{8B466342-F68D-43C8-BE9D-D629A8B12F7A}.Release|Any CPU.Build.0 = Release|Any CPU
		{53ACCCEE-77F8-4995-94E8-83091425CAB8}.Debug|Any CPU.ActiveCfg = Debug|Any CPU
		{53ACCCEE-77F8-4995-94E8-83091425CAB8}.Debug|Any CPU.Build.0 = Debug|Any CPU
		{53ACCCEE-77F8-4995-94E8-83091425CAB8}.Release|Any CPU.ActiveCfg = Release|Any CPU
		{53ACCCEE-77F8-4995-94E8-83091425CAB8}.Release|Any CPU.Build.0 = Release|Any CPU
	EndGlobalSection
	GlobalSection(SolutionProperties) = preSolution
		HideSolutionNode = FALSE
	EndGlobalSection
	GlobalSection(ExtensibilityGlobals) = postSolution
		SolutionGuid = {D4D0BE55-81D8-49F3-BB4C-8303B85A8A04}
	EndGlobalSection
EndGlobal
